# THIS IS AN AUTOGENERATED FILE. DO NOT EDIT THIS FILE DIRECTLY.
# yarn lockfile v1


"@actions/core@^1.2.6":
  "integrity" "sha512-ZQYitnqiyBc3D+k7LsgSBmMDVkOVidaagDG7j3fOym77jNunWRuYx7VSHa9GNfFZh+zh61xsCjRj4JxMZlDqTA=="
  "resolved" "https://registry.npmjs.org/@actions/core/-/core-1.2.6.tgz"
  "version" "1.2.6"

"@actions/exec@^1.0.3":
  "integrity" "sha512-TogJGnueOmM7ntCi0ASTUj4LapRRtDfj57Ja4IhPmg2fls28uVOPbAn8N+JifaOumN2UG3oEO/Ixek2A4NcYSA=="
  "resolved" "https://registry.npmjs.org/@actions/exec/-/exec-1.0.3.tgz"
  "version" "1.0.3"
  dependencies:
    "@actions/io" "^1.0.1"

"@actions/github@^1.1.0":
  "integrity" "sha512-cHf6PyoNMdei13jEdGPhKprIMFmjVVW/dnM5/9QmQDJ1ZTaGVyezUSCUIC/ySNLRvDUpeFwPYMdThSEJldSbUw=="
  "resolved" "https://registry.npmjs.org/@actions/github/-/github-1.1.0.tgz"
  "version" "1.1.0"
  dependencies:
    "@octokit/graphql" "^2.0.1"
    "@octokit/rest" "^16.15.0"

"@actions/io@^1.0.1":
  "integrity" "sha512-J8KuFqVPr3p6U8W93DOXlXW6zFvrQAJANdS+vw0YhusLIq+bszW8zmK2Fh1C2kDPX8FMvwIl1OUcFgvJoXLbAg=="
  "resolved" "https://registry.npmjs.org/@actions/io/-/io-1.0.2.tgz"
  "version" "1.0.2"

"@octokit/auth-token@^2.4.0":
  "integrity" "sha512-r5FVUJCOLl19AxiuZD2VRZ/ORjp/4IN98Of6YJoJOkY75CIBuYfmiNHGrDwXr+aLGG55igl9QrxX3hbiXlLb+g=="
  "resolved" "https://registry.npmjs.org/@octokit/auth-token/-/auth-token-2.5.0.tgz"
  "version" "2.5.0"
  dependencies:
    "@octokit/types" "^6.0.3"

"@octokit/endpoint@^6.0.1":
  "integrity" "sha512-lF3puPwkQWGfkMClXb4k/eUT/nZKQfxinRWJrdZaJO85Dqwo/G0yOC434Jr2ojwafWJMYqFGFa5ms4jJUgujdA=="
  "resolved" "https://registry.npmjs.org/@octokit/endpoint/-/endpoint-6.0.12.tgz"
  "version" "6.0.12"
  dependencies:
    "@octokit/types" "^6.0.3"
    "is-plain-object" "^5.0.0"
    "universal-user-agent" "^6.0.0"

"@octokit/graphql@^2.0.1":
  "integrity" "sha512-XoXJqL2ondwdnMIW3wtqJWEwcBfKk37jO/rYkoxNPEVeLBDGsGO1TCWggrAlq3keGt/O+C/7VepXnukUxwt5vA=="
  "resolved" "https://registry.npmjs.org/@octokit/graphql/-/graphql-2.1.3.tgz"
  "version" "2.1.3"
  dependencies:
    "@octokit/request" "^5.0.0"
    "universal-user-agent" "^2.0.3"

"@octokit/openapi-types@^11.2.0":
  "integrity" "sha512-PBsVO+15KSlGmiI8QAzaqvsNlZlrDlyAJYcrXBCvVUxCp7VnXjkwPoFHgjEJXx3WF9BAwkA6nfCUA7i9sODzKA=="
  "resolved" "https://registry.npmjs.org/@octokit/openapi-types/-/openapi-types-11.2.0.tgz"
  "version" "11.2.0"

"@octokit/plugin-paginate-rest@^1.1.1":
  "integrity" "sha512-jbsSoi5Q1pj63sC16XIUboklNw+8tL9VOnJsWycWYR78TKss5PVpIPb1TUUcMQ+bBh7cY579cVAWmf5qG+dw+Q=="
  "resolved" "https://registry.npmjs.org/@octokit/plugin-paginate-rest/-/plugin-paginate-rest-1.1.2.tgz"
  "version" "1.1.2"
  dependencies:
    "@octokit/types" "^2.0.1"

"@octokit/plugin-request-log@^1.0.0":
  "integrity" "sha512-mLUsMkgP7K/cnFEw07kWqXGF5LKrOkD+lhCrKvPHXWDywAwuDUeDwWBpc69XK3pNX0uKiVt8g5z96PJ6z9xCFA=="
  "resolved" "https://registry.npmjs.org/@octokit/plugin-request-log/-/plugin-request-log-1.0.4.tgz"
  "version" "1.0.4"

"@octokit/plugin-rest-endpoint-methods@2.4.0":
  "integrity" "sha512-EZi/AWhtkdfAYi01obpX0DF7U6b1VRr30QNQ5xSFPITMdLSfhcBqjamE3F+sKcxPbD7eZuMHu3Qkk2V+JGxBDQ=="
  "resolved" "https://registry.npmjs.org/@octokit/plugin-rest-endpoint-methods/-/plugin-rest-endpoint-methods-2.4.0.tgz"
  "version" "2.4.0"
  dependencies:
    "@octokit/types" "^2.0.1"
    "deprecation" "^2.3.1"

"@octokit/request-error@^1.0.2":
  "integrity" "sha512-+6yDyk1EES6WK+l3viRDElw96MvwfJxCt45GvmjDUKWjYIb3PJZQkq3i46TwGwoPD4h8NmTrENmtyA1FwbmhRA=="
  "resolved" "https://registry.npmjs.org/@octokit/request-error/-/request-error-1.2.1.tgz"
  "version" "1.2.1"
  dependencies:
    "@octokit/types" "^2.0.0"
    "deprecation" "^2.0.0"
    "once" "^1.4.0"

"@octokit/request-error@^2.1.0":
  "integrity" "sha512-1VIvgXxs9WHSjicsRwq8PlR2LR2x6DwsJAaFgzdi0JfJoGSO8mYI/cHJQ+9FbN21aa+DrgNLnwObmyeSC8Rmpg=="
  "resolved" "https://registry.npmjs.org/@octokit/request-error/-/request-error-2.1.0.tgz"
  "version" "2.1.0"
  dependencies:
    "@octokit/types" "^6.0.3"
    "deprecation" "^2.0.0"
    "once" "^1.4.0"

"@octokit/request@^5.0.0", "@octokit/request@^5.2.0":
  "integrity" "sha512-je66CvSEVf0jCpRISxkUcCa0UkxmFs6eGDRSbfJtAVwbLH5ceqF+YEyC8lj8ystKyZTy8adWr0qmkY52EfOeLA=="
  "resolved" "https://registry.npmjs.org/@octokit/request/-/request-5.6.2.tgz"
  "version" "5.6.2"
  dependencies:
    "@octokit/endpoint" "^6.0.1"
    "@octokit/request-error" "^2.1.0"
    "@octokit/types" "^6.16.1"
    "is-plain-object" "^5.0.0"
    "node-fetch" "^2.6.1"
    "universal-user-agent" "^6.0.0"

"@octokit/rest@^16.15.0":
  "integrity" "sha512-ngDBevLbBTFfrHZeiS7SAMAZ6ssuVmXuya+F/7RaVvlysgGa1JKJkKWY+jV6TCJYcW0OALfJ7nTIGXcBXzycfQ=="
  "resolved" "https://registry.npmjs.org/@octokit/rest/-/rest-16.43.2.tgz"
  "version" "16.43.2"
  dependencies:
    "@octokit/auth-token" "^2.4.0"
    "@octokit/plugin-paginate-rest" "^1.1.1"
    "@octokit/plugin-request-log" "^1.0.0"
    "@octokit/plugin-rest-endpoint-methods" "2.4.0"
    "@octokit/request" "^5.2.0"
    "@octokit/request-error" "^1.0.2"
    "atob-lite" "^2.0.0"
    "before-after-hook" "^2.0.0"
    "btoa-lite" "^1.0.0"
    "deprecation" "^2.0.0"
    "lodash.get" "^4.4.2"
    "lodash.set" "^4.3.2"
    "lodash.uniq" "^4.5.0"
    "octokit-pagination-methods" "^1.1.0"
    "once" "^1.4.0"
    "universal-user-agent" "^4.0.0"

"@octokit/types@^2.0.0":
  "integrity" "sha512-O75k56TYvJ8WpAakWwYRN8Bgu60KrmX0z1KqFp1kNiFNkgW+JW+9EBKZ+S33PU6SLvbihqd+3drvPxKK68Ee8Q=="
  "resolved" "https://registry.npmjs.org/@octokit/types/-/types-2.16.2.tgz"
  "version" "2.16.2"
  dependencies:
    "@types/node" ">= 8"

"@octokit/types@^2.0.1":
  "integrity" "sha512-O75k56TYvJ8WpAakWwYRN8Bgu60KrmX0z1KqFp1kNiFNkgW+JW+9EBKZ+S33PU6SLvbihqd+3drvPxKK68Ee8Q=="
  "resolved" "https://registry.npmjs.org/@octokit/types/-/types-2.16.2.tgz"
  "version" "2.16.2"
  dependencies:
    "@types/node" ">= 8"

"@octokit/types@^6.0.3", "@octokit/types@^6.16.1":
  "integrity" "sha512-s1zLBjWhdEI2zwaoSgyOFoKSl109CUcVBCc7biPJ3aAf6LGLU6szDvi31JPU7bxfla2lqfhjbbg/5DdFNxOwHw=="
  "resolved" "https://registry.npmjs.org/@octokit/types/-/types-6.34.0.tgz"
  "version" "6.34.0"
  dependencies:
    "@octokit/openapi-types" "^11.2.0"

"@types/node@>= 8":
  "integrity" "sha512-+2Iggwg7PxoO5Kyhvsq9VarmPbIelXP070HMImEpbtGCoyWNINQj4wzjbQCXzdHTRXnqufutJb5KAURZANNBAw=="
  "resolved" "https://registry.npmjs.org/@types/node/-/node-16.11.12.tgz"
  "version" "16.11.12"

"@yarnpkg/lockfile@^1.1.0":
  "integrity" "sha512-GpSwvyXOcOOlV70vbnzjj4fW5xW/FdUF6nQEt1ENy7m4ZCczi1+/buVUPAqmGfqznsORNFzUMjctTIp8a9tuCQ=="
  "resolved" "https://registry.npmjs.org/@yarnpkg/lockfile/-/lockfile-1.1.0.tgz"
  "version" "1.1.0"

"atob-lite@^2.0.0":
  "integrity" "sha1-D+9a1G8b16hQLGVyfwNn1e5D1pY="
  "resolved" "https://registry.npmjs.org/atob-lite/-/atob-lite-2.0.0.tgz"
  "version" "2.0.0"

"before-after-hook@^2.0.0":
  "integrity" "sha512-3pZEU3NT5BFUo/AD5ERPWOgQOCZITni6iavr5AUw5AUwQjMlI0kzu5btnyD39AF0gUEsDPwJT+oY1ORBJijPjQ=="
  "resolved" "https://registry.npmjs.org/before-after-hook/-/before-after-hook-2.2.2.tgz"
  "version" "2.2.2"

"btoa-lite@^1.0.0":
  "integrity" "sha1-M3dm2hWAEhD92VbCLpxokaudAzc="
  "resolved" "https://registry.npmjs.org/btoa-lite/-/btoa-lite-1.0.0.tgz"
  "version" "1.0.0"

"cross-spawn@^6.0.0":
  "integrity" "sha512-eTVLrBSt7fjbDygz805pMnstIs2VTBNkRm0qxZd+M7A5XDdxVRWO5MxGBXZhjY4cqLYLdtrGqRf8mBPmzwSpWQ=="
  "resolved" "https://registry.npmjs.org/cross-spawn/-/cross-spawn-6.0.5.tgz"
  "version" "6.0.5"
  dependencies:
    "nice-try" "^1.0.4"
    "path-key" "^2.0.1"
    "semver" "^5.5.0"
    "shebang-command" "^1.2.0"
    "which" "^1.2.9"

"deprecation@^2.0.0", "deprecation@^2.3.1":
  "integrity" "sha512-xmHIy4F3scKVwMsQ4WnVaS8bHOx0DmVwRywosKhaILI0ywMDWPtBSku2HNxRvF7jtwDRsoEwYQSfbxj8b7RlJQ=="
  "resolved" "https://registry.npmjs.org/deprecation/-/deprecation-2.3.1.tgz"
  "version" "2.3.1"

"end-of-stream@^1.1.0":
  "integrity" "sha512-+uw1inIHVPQoaVuHzRyXd21icM+cnt4CzD5rW+NC1wjOUSTOs+Te7FOv7AhN7vS9x/oIyhLP5PR1H+phQAHu5Q=="
  "resolved" "https://registry.npmjs.org/end-of-stream/-/end-of-stream-1.4.4.tgz"
  "version" "1.4.4"
  dependencies:
    "once" "^1.4.0"

"execa@^1.0.0":
  "integrity" "sha512-adbxcyWV46qiHyvSp50TKt05tB4tK3HcmF7/nxfAdhnox83seTDbwnaqKO4sXRy7roHAIFqJP/Rw/AuEbX61LA=="
  "resolved" "https://registry.npmjs.org/execa/-/execa-1.0.0.tgz"
  "version" "1.0.0"
  dependencies:
    "cross-spawn" "^6.0.0"
    "get-stream" "^4.0.0"
    "is-stream" "^1.1.0"
    "npm-run-path" "^2.0.0"
    "p-finally" "^1.0.0"
    "signal-exit" "^3.0.0"
    "strip-eof" "^1.0.0"

"get-stream@^4.0.0":
  "integrity" "sha512-GMat4EJ5161kIy2HevLlr4luNjBgvmj413KaQA7jt4V8B4RDsfpHk7WQ9GVqfYyyx8OS/L66Kox+rJRNklLK7w=="
  "resolved" "https://registry.npmjs.org/get-stream/-/get-stream-4.1.0.tgz"
  "version" "4.1.0"
  dependencies:
    "pump" "^3.0.0"

"is-plain-object@^5.0.0":
  "integrity" "sha512-VRSzKkbMm5jMDoKLbltAkFQ5Qr7VDiTFGXxYFXXowVj387GeGNOCsOH6Msy00SGZ3Fp84b1Naa1psqgcCIEP5Q=="
  "resolved" "https://registry.npmjs.org/is-plain-object/-/is-plain-object-5.0.0.tgz"
  "version" "5.0.0"

"is-stream@^1.1.0":
  "integrity" "sha1-EtSj3U5o4Lec6428hBc66A2RykQ="
  "resolved" "https://registry.npmjs.org/is-stream/-/is-stream-1.1.0.tgz"
  "version" "1.1.0"

"isexe@^2.0.0":
  "integrity" "sha1-6PvzdNxVb/iUehDcsFctYz8s+hA="
  "resolved" "https://registry.npmjs.org/isexe/-/isexe-2.0.0.tgz"
  "version" "2.0.0"

"lodash.get@^4.4.2":
  "integrity" "sha1-LRd/ZS+jHpObRDjVNBSZ36OCXpk="
  "resolved" "https://registry.npmjs.org/lodash.get/-/lodash.get-4.4.2.tgz"
  "version" "4.4.2"

"lodash.set@^4.3.2":
  "integrity" "sha1-2HV7HagH3eJIFrDWqEvqGnYjCyM="
  "resolved" "https://registry.npmjs.org/lodash.set/-/lodash.set-4.3.2.tgz"
  "version" "4.3.2"

"lodash.uniq@^4.5.0":
  "integrity" "sha1-0CJTc662Uq3BvILklFM5qEJ1R3M="
  "resolved" "https://registry.npmjs.org/lodash.uniq/-/lodash.uniq-4.5.0.tgz"
  "version" "4.5.0"

"macos-release@^2.2.0":
  "integrity" "sha512-EIgv+QZ9r+814gjJj0Bt5vSLJLzswGmSUbUpbi9AIr/fsN2IWFBl2NucV9PAiek+U1STK468tEkxmVYUtuAN3g=="
  "resolved" "https://registry.npmjs.org/macos-release/-/macos-release-2.5.0.tgz"
  "version" "2.5.0"

"nice-try@^1.0.4":
  "integrity" "sha512-1nh45deeb5olNY7eX82BkPO7SSxR5SSYJiPTrTdFUVYwAl8CKMA5N9PjTYkHiRjisVcxcQ1HXdLhx2qxxJzLNQ=="
  "resolved" "https://registry.npmjs.org/nice-try/-/nice-try-1.0.5.tgz"
  "version" "1.0.5"

"node-fetch@^2.6.1":
  "integrity" "sha512-Z8/6vRlTUChSdIgMa51jxQ4lrw/Jy5SOW10ObaA47/RElsAN2c5Pn8bTgFGWn/ibwzXTE8qwr1Yzx28vsecXEA=="
  "resolved" "https://registry.npmjs.org/node-fetch/-/node-fetch-2.6.6.tgz"
  "version" "2.6.6"
  dependencies:
    "whatwg-url" "^5.0.0"

"npm-run-path@^2.0.0":
  "integrity" "sha1-NakjLfo11wZ7TLLd8jV7GHFTbF8="
  "resolved" "https://registry.npmjs.org/npm-run-path/-/npm-run-path-2.0.2.tgz"
  "version" "2.0.2"
  dependencies:
    "path-key" "^2.0.0"

"octokit-pagination-methods@^1.1.0":
  "integrity" "sha512-fZ4qZdQ2nxJvtcasX7Ghl+WlWS/d9IgnBIwFZXVNNZUmzpno91SX5bc5vuxiuKoCtK78XxGGNuSCrDC7xYB3OQ=="
  "resolved" "https://registry.npmjs.org/octokit-pagination-methods/-/octokit-pagination-methods-1.1.0.tgz"
  "version" "1.1.0"

"once@^1.3.1", "once@^1.4.0":
  "integrity" "sha1-WDsap3WWHUsROsF9nFC6753Xa9E="
  "resolved" "https://registry.npmjs.org/once/-/once-1.4.0.tgz"
  "version" "1.4.0"
  dependencies:
    "wrappy" "1"

"os-name@^3.0.0", "os-name@^3.1.0":
  "integrity" "sha512-h8L+8aNjNcMpo/mAIBPn5PXCM16iyPGjHNWo6U1YO8sJTMHtEtyczI6QJnLoplswm6goopQkqc7OAnjhWcugVg=="
  "resolved" "https://registry.npmjs.org/os-name/-/os-name-3.1.0.tgz"
  "version" "3.1.0"
  dependencies:
    "macos-release" "^2.2.0"
    "windows-release" "^3.1.0"

"p-finally@^1.0.0":
  "integrity" "sha1-P7z7FbiZpEEjs0ttzBi3JDNqLK4="
  "resolved" "https://registry.npmjs.org/p-finally/-/p-finally-1.0.0.tgz"
  "version" "1.0.0"

"path-key@^2.0.0", "path-key@^2.0.1":
  "integrity" "sha1-QRyttXTFoUDTpLGRDUDYDMn0C0A="
  "resolved" "https://registry.npmjs.org/path-key/-/path-key-2.0.1.tgz"
  "version" "2.0.1"

"pump@^3.0.0":
  "integrity" "sha512-LwZy+p3SFs1Pytd/jYct4wpv49HiYCqd9Rlc5ZVdk0V+8Yzv6jR5Blk3TRmPL1ft69TxP0IMZGJ+WPFU2BFhww=="
  "resolved" "https://registry.npmjs.org/pump/-/pump-3.0.0.tgz"
  "version" "3.0.0"
  dependencies:
    "end-of-stream" "^1.1.0"
    "once" "^1.3.1"

"semver@^5.5.0":
  "integrity" "sha512-sauaDf/PZdVgrLTNYHRtpXa1iRiKcaebiKQ1BJdpQlWH2lCvexQdX55snPFyK7QzpudqbCI0qXFfOasHdyNDGQ=="
  "resolved" "https://registry.npmjs.org/semver/-/semver-5.7.1.tgz"
  "version" "5.7.1"

"semver@^7.2.1":
  "integrity" "sha512-aHhm1pD02jXXkyIpq25qBZjr3CQgg8KST8uX0OWXch3xE6jw+1bfbWnCjzMwojsTquroUmKFHNzU6x26mEiRxw=="
  "resolved" "https://registry.npmjs.org/semver/-/semver-7.2.1.tgz"
  "version" "7.2.1"

"shebang-command@^1.2.0":
  "integrity" "sha1-RKrGW2lbAzmJaMOfNj/uXer98eo="
  "resolved" "https://registry.npmjs.org/shebang-command/-/shebang-command-1.2.0.tgz"
  "version" "1.2.0"
  dependencies:
    "shebang-regex" "^1.0.0"

"shebang-regex@^1.0.0":
  "integrity" "sha1-2kL0l0DAtC2yypcoVxyxkMmO/qM="
  "resolved" "https://registry.npmjs.org/shebang-regex/-/shebang-regex-1.0.0.tgz"
  "version" "1.0.0"

"signal-exit@^3.0.0":
  "integrity" "sha512-sDl4qMFpijcGw22U5w63KmD3cZJfBuFlVNbVMKje2keoKML7X2UzWbc4XrmEbDwg0NXJc3yv4/ox7b+JWb57kQ=="
  "resolved" "https://registry.npmjs.org/signal-exit/-/signal-exit-3.0.6.tgz"
  "version" "3.0.6"

"strip-eof@^1.0.0":
  "integrity" "sha1-u0P/VZim6wXYm1n80SnJgzE2Br8="
  "resolved" "https://registry.npmjs.org/strip-eof/-/strip-eof-1.0.0.tgz"
  "version" "1.0.0"

"tr46@~0.0.3":
  "integrity" "sha1-gYT9NH2snNwYWZLzpmIuFLnZq2o="
  "resolved" "https://registry.npmjs.org/tr46/-/tr46-0.0.3.tgz"
  "version" "0.0.3"

"universal-user-agent@^2.0.3":
  "integrity" "sha512-8itiX7G05Tu3mGDTdNY2fB4KJ8MgZLS54RdG6PkkfwMAavrXu1mV/lls/GABx9O3Rw4PnTtasxrvbMQoBYY92Q=="
  "resolved" "https://registry.npmjs.org/universal-user-agent/-/universal-user-agent-2.1.0.tgz"
  "version" "2.1.0"
  dependencies:
    "os-name" "^3.0.0"

"universal-user-agent@^4.0.0":
  "integrity" "sha512-LnST3ebHwVL2aNe4mejI9IQh2HfZ1RLo8Io2HugSif8ekzD1TlWpHpColOB/eh8JHMLkGH3Akqf040I+4ylNxg=="
  "resolved" "https://registry.npmjs.org/universal-user-agent/-/universal-user-agent-4.0.1.tgz"
  "version" "4.0.1"
  dependencies:
    "os-name" "^3.1.0"

"universal-user-agent@^6.0.0":
  "integrity" "sha512-isyNax3wXoKaulPDZWHQqbmIx1k2tb9fb3GGDBRxCscfYV2Ch7WxPArBsFEG8s/safwXTT7H4QGhaIkTp9447w=="
  "resolved" "https://registry.npmjs.org/universal-user-agent/-/universal-user-agent-6.0.0.tgz"
  "version" "6.0.0"

"webidl-conversions@^3.0.0":
  "integrity" "sha1-JFNCdeKnvGvnvIZhHMFq4KVlSHE="
  "resolved" "https://registry.npmjs.org/webidl-conversions/-/webidl-conversions-3.0.1.tgz"
  "version" "3.0.1"

"whatwg-url@^5.0.0":
  "integrity" "sha1-lmRU6HZUYuN2RNNib2dCzotwll0="
  "resolved" "https://registry.npmjs.org/whatwg-url/-/whatwg-url-5.0.0.tgz"
  "version" "5.0.0"
  dependencies:
    "tr46" "~0.0.3"
    "webidl-conversions" "^3.0.0"

"which@^1.2.9":
  "integrity" "sha512-HxJdYWq1MTIQbJ3nw0cqssHoTNU267KlrDuGZ1WYlxDStUtKUhOaJmh112/TZmHxxUfuJqPXSOm7tDyas0OSIQ=="
  "resolved" "https://registry.npmjs.org/which/-/which-1.3.1.tgz"
  "version" "1.3.1"
  dependencies:
    "isexe" "^2.0.0"

"windows-release@^3.1.0":
  "integrity" "sha512-OSOGH1QYiW5yVor9TtmXKQvt2vjQqbYS+DqmsZw+r7xDwLXEeT3JGW0ZppFmHx4diyXmxt238KFR3N9jzevBRg=="
  "resolved" "https://registry.npmjs.org/windows-release/-/windows-release-3.3.3.tgz"
  "version" "3.3.3"
  dependencies:
    "execa" "^1.0.0"

"wrappy@1":
  "integrity" "sha1-tSQ9jz7BqjXxNkYFvA0QNuMKtp8="
  "resolved" "https://registry.npmjs.org/wrappy/-/wrappy-1.0.2.tgz"
  "version" "1.0.2"
